
Microsoft Visual Studio Solution File, Format Version 12.00
# Visual Studio Version 17
VisualStudioVersion = 17.2.32526.322
MinimumVisualStudioVersion = 10.0.40219.1
Project("{FAE04EC0-301F-11D3-BF4B-00C04F79EFBC}") = "IdentityNET", "IdentityNET\IdentityNET.csproj", "{C84EF62D-0123-4090-9811-1C929CFCBDDF}"
EndProject
Global
	GlobalSection(SolutionConfigurationPlatforms) = preSolution
		Debug|Any CPU = Debug|Any CPU
		Release|Any CPU = Release|Any CPU
	EndGlobalSection
	GlobalSection(ProjectConfigurationPlatforms) = postSolution
		{C84EF62D-0123-4090-9811-1C929CFCBDDF}.Debug|Any CPU.ActiveCfg = Debug|Any CPU
		{C84EF62D-0123-4090-9811-1C929CFCBDDF}.Debug|Any CPU.Build.0 = Debug|Any CPU
		{C84EF62D-0123-4090-9811-1C929CFCBDDF}.Release|Any CPU.ActiveCfg = Release|Any CPU
		{C84EF62D-0123-4090-9811-1C929CFCBDDF}.Release|Any CPU.Build.0 = Release|Any CPU
	EndGlobalSection
	GlobalSection(SolutionProperties) = preSolution
		HideSolutionNode = FALSE
	EndGlobalSection
	GlobalSection(ExtensibilityGlobals) = postSolution
		SolutionGuid = {42E7DFDC-30F2-4F2E-9144-B87DD5B6E0BF}
	EndGlobalSection
EndGlobal
